
Microsoft Visual Studio Solution File, Format Version 12.00
Project("{FAE04EC0-301F-11D3-BF4B-00C04F79EFBC}") = "Domain", "Domain\Domain.csproj", "{404FBEDA-3B07-4BA3-9BA4-19ABC2B1E781}"
EndProject
Project("{2150E333-8FDC-42A3-9474-1A3956D46DE8}") = "src", "src", "{B0AB9F25-83A9-410F-8928-5BFC9B123FAD}"
EndProject
Project("{FAE04EC0-301F-11D3-BF4B-00C04F79EFBC}") = "Shared", "Shared\Shared.csproj", "{718263B8-E066-40AC-A6BD-10BD4FA48A52}"
EndProject
Project("{FAE04EC0-301F-11D3-BF4B-00C04F79EFBC}") = "Application", "Application\Application.csproj", "{84925D48-17DE-4DA0-9713-475F113C66B0}"
EndProject
Project("{FAE04EC0-301F-11D3-BF4B-00C04F79EFBC}") = "Infrastructure", "Infrastructure\Infrastructure.csproj", "{992429C7-03D7-4623-BE01-76E58C06C782}"
EndProject
Project("{FAE04EC0-301F-11D3-BF4B-00C04F79EFBC}") = "API", "API\API.csproj", "{1B5AD86B-0DEB-4D7A-9D30-94159B936984}"
EndProject
Project("{2150E333-8FDC-42A3-9474-1A3956D46DE8}") = "tests", "tests", "{4DC2313C-5A2F-47D9-B7D3-939001A8D626}"
EndProject
Project("{2150E333-8FDC-42A3-9474-1A3956D46DE8}") = "Solution Items", "Solution Items", "{CF794D4B-EB35-4F5D-9BEC-9C13492A3CF7}"
	ProjectSection(SolutionItems) = preProject
		docker-compose.yml = docker-compose.yml
	EndProjectSection
EndProject
Project("{FAE04EC0-301F-11D3-BF4B-00C04F79EFBC}") = "Domain.Tests", "..\tests\Domain.Tests\Domain.Tests.csproj", "{11D325B8-B677-49A5-BA85-A23DE525E0D4}"
EndProject
Global
	GlobalSection(SolutionConfigurationPlatforms) = preSolution
		Debug|Any CPU = Debug|Any CPU
		Release|Any CPU = Release|Any CPU
	EndGlobalSection
	GlobalSection(ProjectConfigurationPlatforms) = postSolution
		{404FBEDA-3B07-4BA3-9BA4-19ABC2B1E781}.Debug|Any CPU.ActiveCfg = Debug|Any CPU
		{404FBEDA-3B07-4BA3-9BA4-19ABC2B1E781}.Debug|Any CPU.Build.0 = Debug|Any CPU
		{404FBEDA-3B07-4BA3-9BA4-19ABC2B1E781}.Release|Any CPU.ActiveCfg = Release|Any CPU
		{404FBEDA-3B07-4BA3-9BA4-19ABC2B1E781}.Release|Any CPU.Build.0 = Release|Any CPU
		{718263B8-E066-40AC-A6BD-10BD4FA48A52}.Debug|Any CPU.ActiveCfg = Debug|Any CPU
		{718263B8-E066-40AC-A6BD-10BD4FA48A52}.Debug|Any CPU.Build.0 = Debug|Any CPU
		{718263B8-E066-40AC-A6BD-10BD4FA48A52}.Release|Any CPU.ActiveCfg = Release|Any CPU
		{718263B8-E066-40AC-A6BD-10BD4FA48A52}.Release|Any CPU.Build.0 = Release|Any CPU
		{84925D48-17DE-4DA0-9713-475F113C66B0}.Debug|Any CPU.ActiveCfg = Debug|Any CPU
		{84925D48-17DE-4DA0-9713-475F113C66B0}.Debug|Any CPU.Build.0 = Debug|Any CPU
		{84925D48-17DE-4DA0-9713-475F113C66B0}.Release|Any CPU.ActiveCfg = Release|Any CPU
		{84925D48-17DE-4DA0-9713-475F113C66B0}.Release|Any CPU.Build.0 = Release|Any CPU
		{992429C7-03D7-4623-BE01-76E58C06C782}.Debug|Any CPU.ActiveCfg = Debug|Any CPU
		{992429C7-03D7-4623-BE01-76E58C06C782}.Debug|Any CPU.Build.0 = Debug|Any CPU
		{992429C7-03D7-4623-BE01-76E58C06C782}.Release|Any CPU.ActiveCfg = Release|Any CPU
		{992429C7-03D7-4623-BE01-76E58C06C782}.Release|Any CPU.Build.0 = Release|Any CPU
		{1B5AD86B-0DEB-4D7A-9D30-94159B936984}.Debug|Any CPU.ActiveCfg = Debug|Any CPU
		{1B5AD86B-0DEB-4D7A-9D30-94159B936984}.Debug|Any CPU.Build.0 = Debug|Any CPU
		{1B5AD86B-0DEB-4D7A-9D30-94159B936984}.Release|Any CPU.ActiveCfg = Release|Any CPU
		{1B5AD86B-0DEB-4D7A-9D30-94159B936984}.Release|Any CPU.Build.0 = Release|Any CPU
		{11D325B8-B677-49A5-BA85-A23DE525E0D4}.Debug|Any CPU.ActiveCfg = Debug|Any CPU
		{11D325B8-B677-49A5-BA85-A23DE525E0D4}.Debug|Any CPU.Build.0 = Debug|Any CPU
		{11D325B8-B677-49A5-BA85-A23DE525E0D4}.Release|Any CPU.ActiveCfg = Release|Any CPU
		{11D325B8-B677-49A5-BA85-A23DE525E0D4}.Release|Any CPU.Build.0 = Release|Any CPU
	EndGlobalSection
	GlobalSection(NestedProjects) = preSolution
		{404FBEDA-3B07-4BA3-9BA4-19ABC2B1E781} = {B0AB9F25-83A9-410F-8928-5BFC9B123FAD}
		{718263B8-E066-40AC-A6BD-10BD4FA48A52} = {B0AB9F25-83A9-410F-8928-5BFC9B123FAD}
		{84925D48-17DE-4DA0-9713-475F113C66B0} = {B0AB9F25-83A9-410F-8928-5BFC9B123FAD}
		{992429C7-03D7-4623-BE01-76E58C06C782} = {B0AB9F25-83A9-410F-8928-5BFC9B123FAD}
		{1B5AD86B-0DEB-4D7A-9D30-94159B936984} = {B0AB9F25-83A9-410F-8928-5BFC9B123FAD}
		{11D325B8-B677-49A5-BA85-A23DE525E0D4} = {4DC2313C-5A2F-47D9-B7D3-939001A8D626}
	EndGlobalSection
EndGlobal
